{
  "name": "open-refine-webapp",
  "lockfileVersion": 2,
  "requires": true,
  "packages": {
    "": {
      "name": "open-refine-webapp",
      "hasInstallScript": true,
      "dependencies": {
        "@wikimedia/jquery.i18n": "1.0.7",
        "datejs-coolite": "1.0.0",
        "jquery": "1.12.4",
        "jquery-migrate": "1.4.1",
        "js-cookie": "2.2.1",
        "moment": "2.29.3",
        "select2": "4.1.0-rc.0",
        "tablesorter": "2.31.3",
        "underscore": "1.13.2"
      },
      "devDependencies": {}
    },
    "node_modules/@wikimedia/jquery.i18n": {
      "version": "1.0.7",
      "resolved": "https://registry.npmjs.org/@wikimedia/jquery.i18n/-/jquery.i18n-1.0.7.tgz",
      "integrity": "sha512-bzQbF3JoYsC2paYfvY9DGRcDJVtDX+ru27QW7jsL+NB1mvTwiXPm5M6r5LpVbdxx/c/2uxKTt5PVRAekoh2uGA=="
    },
    "node_modules/datejs-coolite": {
      "version": "1.0.0",
      "resolved": "https://registry.npmjs.org/datejs-coolite/-/datejs-coolite-1.0.0.tgz",
      "integrity": "sha512-kppYUwn9R2pzsoChLsDlWLtKTwjf5k9Z3fx8CNKjwvhYfpadKIFoL+16dDJvftiXKwT+ixh2PRslZsfzp+1ZVA=="
    },
    "node_modules/jquery": {
      "version": "1.12.4",
      "resolved": "https://registry.npmjs.org/jquery/-/jquery-1.12.4.tgz",
      "integrity": "sha512-UEVp7PPK9xXYSk8xqXCJrkXnKZtlgWkd2GsAQbMRFK6S/ePU2JN5G2Zum8hIVjzR3CpdfSqdqAzId/xd4TJHeg=="
    },
    "node_modules/jquery-migrate": {
      "version": "1.4.1",
      "resolved": "https://registry.npmjs.org/jquery-migrate/-/jquery-migrate-1.4.1.tgz",
      "integrity": "sha512-RwIqqAaEC1gQ9KFtdw69wse2bUGQnGNwbkZBkCwSCYkAICMlpVxAbHmfvWaS7SfLGJrYd13FZTuuQgZ6gBotJQ=="
    },
    "node_modules/js-cookie": {
      "version": "2.2.1",
      "resolved": "https://registry.npmjs.org/js-cookie/-/js-cookie-2.2.1.tgz",
      "integrity": "sha512-HvdH2LzI/EAZcUwA8+0nKNtWHqS+ZmijLA30RwZA0bo7ToCckjK5MkGhjED9KoRcXO6BaGI3I9UIzSA1FKFPOQ=="
    },
    "node_modules/moment": {
      "version": "2.29.3",
      "resolved": "https://registry.npmjs.org/moment/-/moment-2.29.3.tgz",
      "integrity": "sha512-c6YRvhEo//6T2Jz/vVtYzqBzwvPT95JBQ+smCytzf7c50oMZRsR/a4w88aD34I+/QVSfnoAnSBFPJHItlOMJVw==",
      "engines": {
        "node": "*"
      }
    },
    "node_modules/select2": {
      "version": "4.1.0-rc.0",
      "resolved": "https://registry.npmjs.org/select2/-/select2-4.1.0-rc.0.tgz",
      "integrity": "sha512-Hr9TdhyHCZUtwznEH2CBf7967mEM0idtJ5nMtjvk3Up5tPukOLXbHUNmh10oRfeNIhj+3GD3niu+g6sVK+gK0A=="
    },
    "node_modules/tablesorter": {
      "version": "2.31.3",
      "resolved": "https://registry.npmjs.org/tablesorter/-/tablesorter-2.31.3.tgz",
      "integrity": "sha512-ueEzeKiMajDcCWnUoT1dOeNEaS1OmPh9+8J0O2Sjp3TTijMygH74EA9QNJiNkLJqULyNU0RhbKY26UMUq9iurA==",
      "dependencies": {
        "jquery": ">=1.2.6"
      }
    },
    "node_modules/underscore": {
      "version": "1.13.2",
      "resolved": "https://registry.npmjs.org/underscore/-/underscore-1.13.2.tgz",
      "integrity": "sha512-ekY1NhRzq0B08g4bGuX4wd2jZx5GnKz6mKSqFL4nqBlfyMGiG10gDFhDTMEfYmDL6Jy0FUIZp7wiRB+0BP7J2g=="
    }
  },
  "dependencies": {
    "@wikimedia/jquery.i18n": {
      "version": "1.0.7",
      "resolved": "https://registry.npmjs.org/@wikimedia/jquery.i18n/-/jquery.i18n-1.0.7.tgz",
      "integrity": "sha512-bzQbF3JoYsC2paYfvY9DGRcDJVtDX+ru27QW7jsL+NB1mvTwiXPm5M6r5LpVbdxx/c/2uxKTt5PVRAekoh2uGA=="
    },
    "datejs-coolite": {
      "version": "1.0.0",
      "resolved": "https://registry.npmjs.org/datejs-coolite/-/datejs-coolite-1.0.0.tgz",
      "integrity": "sha512-kppYUwn9R2pzsoChLsDlWLtKTwjf5k9Z3fx8CNKjwvhYfpadKIFoL+16dDJvftiXKwT+ixh2PRslZsfzp+1ZVA=="
    },
    "jquery": {
      "version": "1.12.4",
      "resolved": "https://registry.npmjs.org/jquery/-/jquery-1.12.4.tgz",
      "integrity": "sha512-UEVp7PPK9xXYSk8xqXCJrkXnKZtlgWkd2GsAQbMRFK6S/ePU2JN5G2Zum8hIVjzR3CpdfSqdqAzId/xd4TJHeg=="
    },
    "jquery-migrate": {
      "version": "1.4.1",
      "resolved": "https://registry.npmjs.org/jquery-migrate/-/jquery-migrate-1.4.1.tgz",
      "integrity": "sha512-RwIqqAaEC1gQ9KFtdw69wse2bUGQnGNwbkZBkCwSCYkAICMlpVxAbHmfvWaS7SfLGJrYd13FZTuuQgZ6gBotJQ=="
    },
    "js-cookie": {
      "version": "2.2.1",
      "resolved": "https://registry.npmjs.org/js-cookie/-/js-cookie-2.2.1.tgz",
      "integrity": "sha512-HvdH2LzI/EAZcUwA8+0nKNtWHqS+ZmijLA30RwZA0bo7ToCckjK5MkGhjED9KoRcXO6BaGI3I9UIzSA1FKFPOQ=="
    },
    "moment": {
      "version": "2.29.3",
      "resolved": "https://registry.npmjs.org/moment/-/moment-2.29.3.tgz",
      "integrity": "sha512-c6YRvhEo//6T2Jz/vVtYzqBzwvPT95JBQ+smCytzf7c50oMZRsR/a4w88aD34I+/QVSfnoAnSBFPJHItlOMJVw=="
    },
    "select2": {
      "version": "4.1.0-rc.0",
      "resolved": "https://registry.npmjs.org/select2/-/select2-4.1.0-rc.0.tgz",
      "integrity": "sha512-Hr9TdhyHCZUtwznEH2CBf7967mEM0idtJ5nMtjvk3Up5tPukOLXbHUNmh10oRfeNIhj+3GD3niu+g6sVK+gK0A=="
    },
    "tablesorter": {
      "version": "2.31.3",
      "resolved": "https://registry.npmjs.org/tablesorter/-/tablesorter-2.31.3.tgz",
      "integrity": "sha512-ueEzeKiMajDcCWnUoT1dOeNEaS1OmPh9+8J0O2Sjp3TTijMygH74EA9QNJiNkLJqULyNU0RhbKY26UMUq9iurA==",
      "requires": {
        "jquery": ">=1.2.6"
      }
    },
    "underscore": {
      "version": "1.13.2",
      "resolved": "https://registry.npmjs.org/underscore/-/underscore-1.13.2.tgz",
      "integrity": "sha512-ekY1NhRzq0B08g4bGuX4wd2jZx5GnKz6mKSqFL4nqBlfyMGiG10gDFhDTMEfYmDL6Jy0FUIZp7wiRB+0BP7J2g=="
    }
  }
}
