{
  "name": "open-refine-webapp",
  "lockfileVersion": 2,
  "requires": true,
  "packages": {
    "": {
      "name": "open-refine-webapp",
      "hasInstallScript": true,
      "dependencies": {
        "@wikimedia/jquery.i18n": "1.0.9",
        "jquery": "3.7.1",
        "jquery-migrate": "3.5.2",
        "js-cookie": "3.0.5",
        "select2": "4.1.0-rc.0",
        "tablesorter": "2.32.0",
        "underscore": "1.13.7"
      },
      "devDependencies": {},
      "engines": {
        "node": ">=14.0.0",
        "npm": ">=8.11.0",
        "yarn": ">=1.22.15"
      }
    },
    "node_modules/@wikimedia/jquery.i18n": {
      "version": "1.0.9",
      "resolved": "https://registry.npmjs.org/@wikimedia/jquery.i18n/-/jquery.i18n-1.0.9.tgz",
      "integrity": "sha512-g6nlCAeYX4n9o6CyCJniNnEB0wGSo1o6sw2WPneb0wOtWiGDFUCZtlkmgvPLL+ynkYRaf5IJiq/CNGQ7p6nB+Q=="
    },
    "node_modules/jquery": {
      "version": "3.7.1",
      "resolved": "https://registry.npmjs.org/jquery/-/jquery-3.7.1.tgz",
      "integrity": "sha512-m4avr8yL8kmFN8psrbFFFmB/If14iN5o9nw/NgnnM+kybDJpRsAynV2BsfpTYrTRysYUdADVD7CkUUizgkpLfg=="
    },
    "node_modules/jquery-migrate": {
      "version": "3.5.2",
      "resolved": "https://registry.npmjs.org/jquery-migrate/-/jquery-migrate-3.5.2.tgz",
      "integrity": "sha512-GGvcVWK3aei2/98r7pA4UkOYvs4xVeCGvquNXADFUp9+Sr6VeOw0ktlQ9z4YlBbEFpsXBlRioAgpH/fLWinj4Q==",
      "peerDependencies": {
        "jquery": ">=3 <4"
      }
    },
    "node_modules/js-cookie": {
      "version": "3.0.5",
      "resolved": "https://registry.npmjs.org/js-cookie/-/js-cookie-3.0.5.tgz",
      "integrity": "sha512-cEiJEAEoIbWfCZYKWhVwFuvPX1gETRYPw6LlaTKoxD3s2AkXzkCjnp6h0V77ozyqj0jakteJ4YqDJT830+lVGw==",
      "engines": {
        "node": ">=14"
      }
    },
    "node_modules/select2": {
      "version": "4.1.0-rc.0",
      "resolved": "https://registry.npmjs.org/select2/-/select2-4.1.0-rc.0.tgz",
      "integrity": "sha512-Hr9TdhyHCZUtwznEH2CBf7967mEM0idtJ5nMtjvk3Up5tPukOLXbHUNmh10oRfeNIhj+3GD3niu+g6sVK+gK0A=="
    },
    "node_modules/tablesorter": {
      "version": "2.32.0",
      "resolved": "https://registry.npmjs.org/tablesorter/-/tablesorter-2.32.0.tgz",
      "integrity": "sha512-tKjx6H+ZVoxND5ukDIVvF4AKEIw0ZJde/e6YlAZlUOKI0o0xD2RZLTb2tKB1hiDHkHGLHGQ7ndvd0Pnkj5Xzjw==",
      "dependencies": {
        "jquery": ">=1.2.6"
      }
    },
    "node_modules/underscore": {
      "version": "1.13.7",
      "resolved": "https://registry.npmjs.org/underscore/-/underscore-1.13.7.tgz",
      "integrity": "sha512-GMXzWtsc57XAtguZgaQViUOzs0KTkk8ojr3/xAxXLITqf/3EMwxC0inyETfDFjH/Krbhuep0HNbbjI9i/q3F3g=="
    }
  },
  "dependencies": {
    "@wikimedia/jquery.i18n": {
      "version": "1.0.9",
      "resolved": "https://registry.npmjs.org/@wikimedia/jquery.i18n/-/jquery.i18n-1.0.9.tgz",
      "integrity": "sha512-g6nlCAeYX4n9o6CyCJniNnEB0wGSo1o6sw2WPneb0wOtWiGDFUCZtlkmgvPLL+ynkYRaf5IJiq/CNGQ7p6nB+Q=="
    },
    "jquery": {
      "version": "3.7.1",
      "resolved": "https://registry.npmjs.org/jquery/-/jquery-3.7.1.tgz",
      "integrity": "sha512-m4avr8yL8kmFN8psrbFFFmB/If14iN5o9nw/NgnnM+kybDJpRsAynV2BsfpTYrTRysYUdADVD7CkUUizgkpLfg=="
    },
    "jquery-migrate": {
      "version": "3.5.2",
      "resolved": "https://registry.npmjs.org/jquery-migrate/-/jquery-migrate-3.5.2.tgz",
      "integrity": "sha512-GGvcVWK3aei2/98r7pA4UkOYvs4xVeCGvquNXADFUp9+Sr6VeOw0ktlQ9z4YlBbEFpsXBlRioAgpH/fLWinj4Q==",
      "requires": {}
    },
    "js-cookie": {
      "version": "3.0.5",
      "resolved": "https://registry.npmjs.org/js-cookie/-/js-cookie-3.0.5.tgz",
      "integrity": "sha512-cEiJEAEoIbWfCZYKWhVwFuvPX1gETRYPw6LlaTKoxD3s2AkXzkCjnp6h0V77ozyqj0jakteJ4YqDJT830+lVGw=="
    },
    "select2": {
      "version": "4.1.0-rc.0",
      "resolved": "https://registry.npmjs.org/select2/-/select2-4.1.0-rc.0.tgz",
      "integrity": "sha512-Hr9TdhyHCZUtwznEH2CBf7967mEM0idtJ5nMtjvk3Up5tPukOLXbHUNmh10oRfeNIhj+3GD3niu+g6sVK+gK0A=="
    },
    "tablesorter": {
      "version": "2.32.0",
      "resolved": "https://registry.npmjs.org/tablesorter/-/tablesorter-2.32.0.tgz",
      "integrity": "sha512-tKjx6H+ZVoxND5ukDIVvF4AKEIw0ZJde/e6YlAZlUOKI0o0xD2RZLTb2tKB1hiDHkHGLHGQ7ndvd0Pnkj5Xzjw==",
      "requires": {
        "jquery": ">=1.2.6"
      }
    },
    "underscore": {
      "version": "1.13.7",
      "resolved": "https://registry.npmjs.org/underscore/-/underscore-1.13.7.tgz",
      "integrity": "sha512-GMXzWtsc57XAtguZgaQViUOzs0KTkk8ojr3/xAxXLITqf/3EMwxC0inyETfDFjH/Krbhuep0HNbbjI9i/q3F3g=="
    }
  }
}
