{
  "name": "open-refine-webapp",
  "lockfileVersion": 2,
  "requires": true,
  "packages": {
    "": {
      "name": "open-refine-webapp",
      "hasInstallScript": true,
      "dependencies": {
        "@wikimedia/jquery.i18n": "1.0.7",
        "datejs-coolite": "1.0.0",
        "jquery": "1.12.4",
        "jquery-migrate": "1.4.1",
        "js-cookie": "2.2.1",
        "moment": "2.19.2",
        "select2": "3.5.2-browserify",
        "tablesorter": "2.29.0",
        "underscore": "1.5.1"
      },
      "devDependencies": {}
    },
    "node_modules/@wikimedia/jquery.i18n": {
      "version": "1.0.7",
      "resolved": "https://registry.npmmirror.com/@wikimedia/jquery.i18n/-/jquery.i18n-1.0.7.tgz",
      "integrity": "sha512-bzQbF3JoYsC2paYfvY9DGRcDJVtDX+ru27QW7jsL+NB1mvTwiXPm5M6r5LpVbdxx/c/2uxKTt5PVRAekoh2uGA=="
    },
    "node_modules/datejs-coolite": {
      "version": "1.0.0",
      "resolved": "https://registry.npmmirror.com/datejs-coolite/-/datejs-coolite-1.0.0.tgz",
      "integrity": "sha512-kppYUwn9R2pzsoChLsDlWLtKTwjf5k9Z3fx8CNKjwvhYfpadKIFoL+16dDJvftiXKwT+ixh2PRslZsfzp+1ZVA=="
    },
    "node_modules/jquery": {
      "version": "1.12.4",
      "resolved": "https://registry.npmmirror.com/jquery/-/jquery-1.12.4.tgz",
      "integrity": "sha512-UEVp7PPK9xXYSk8xqXCJrkXnKZtlgWkd2GsAQbMRFK6S/ePU2JN5G2Zum8hIVjzR3CpdfSqdqAzId/xd4TJHeg=="
    },
    "node_modules/jquery-migrate": {
      "version": "1.4.1",
      "resolved": "https://registry.npmmirror.com/jquery-migrate/-/jquery-migrate-1.4.1.tgz",
      "integrity": "sha512-RwIqqAaEC1gQ9KFtdw69wse2bUGQnGNwbkZBkCwSCYkAICMlpVxAbHmfvWaS7SfLGJrYd13FZTuuQgZ6gBotJQ=="
    },
    "node_modules/js-cookie": {
      "version": "2.2.1",
      "resolved": "https://registry.npmmirror.com/js-cookie/-/js-cookie-2.2.1.tgz",
      "integrity": "sha512-HvdH2LzI/EAZcUwA8+0nKNtWHqS+ZmijLA30RwZA0bo7ToCckjK5MkGhjED9KoRcXO6BaGI3I9UIzSA1FKFPOQ=="
    },
    "node_modules/moment": {
      "version": "2.19.2",
      "resolved": "https://registry.npmmirror.com/moment/-/moment-2.19.2.tgz",
      "integrity": "sha512-Rf6jiHPEfxp9+dlzxPTmRHbvoFXsh2L/U8hOupUMpnuecHQmI6cF6lUbJl3QqKPko1u6ujO+FxtcajLVfLpAtA==",
      "engines": {
        "node": "*"
      }
    },
    "node_modules/select2": {
      "version": "3.5.2-browserify",
      "resolved": "https://registry.npmmirror.com/select2/-/select2-3.5.2-browserify.tgz",
      "integrity": "sha512-Hyzje+ALhhsuS7e40qON9MCEtv5Sk/6BbbewxsyFWSR6rvOBlwp+2ZE5N6+nSDJplfO//tJrUoqcmJxoKGa+Hg=="
    },
    "node_modules/tablesorter": {
      "version": "2.29.0",
      "resolved": "https://registry.npmmirror.com/tablesorter/-/tablesorter-2.29.0.tgz",
      "integrity": "sha512-VQsB/AXNR2soiiDnui5tYS+T6KO6zwvCEaHcqgRNEZ2F6mQYqni1nGQEKkChyC9wwJ4otfIa5w+kYhffV9Unng==",
      "dependencies": {
        "jquery": ">=1.2.6"
      }
    },
    "node_modules/underscore": {
      "version": "1.5.1",
      "resolved": "https://registry.npmmirror.com/underscore/-/underscore-1.5.1.tgz",
      "integrity": "sha512-yOc7VukmA45a1D6clUn1mD7Mbc9LcVYAQEXNKSTblzha59hSFJ6cAt90JDoxh05GQnTPI9nk4wjT/I8C/nAMPw=="
    }
  },
  "dependencies": {
    "@wikimedia/jquery.i18n": {
      "version": "1.0.7",
      "resolved": "https://registry.npmmirror.com/@wikimedia/jquery.i18n/-/jquery.i18n-1.0.7.tgz",
      "integrity": "sha512-bzQbF3JoYsC2paYfvY9DGRcDJVtDX+ru27QW7jsL+NB1mvTwiXPm5M6r5LpVbdxx/c/2uxKTt5PVRAekoh2uGA=="
    },
    "datejs-coolite": {
      "version": "1.0.0",
      "resolved": "https://registry.npmmirror.com/datejs-coolite/-/datejs-coolite-1.0.0.tgz",
      "integrity": "sha512-kppYUwn9R2pzsoChLsDlWLtKTwjf5k9Z3fx8CNKjwvhYfpadKIFoL+16dDJvftiXKwT+ixh2PRslZsfzp+1ZVA=="
    },
    "jquery": {
      "version": "1.12.4",
      "resolved": "https://registry.npmmirror.com/jquery/-/jquery-1.12.4.tgz",
      "integrity": "sha512-UEVp7PPK9xXYSk8xqXCJrkXnKZtlgWkd2GsAQbMRFK6S/ePU2JN5G2Zum8hIVjzR3CpdfSqdqAzId/xd4TJHeg=="
    },
    "jquery-migrate": {
      "version": "1.4.1",
      "resolved": "https://registry.npmmirror.com/jquery-migrate/-/jquery-migrate-1.4.1.tgz",
      "integrity": "sha512-RwIqqAaEC1gQ9KFtdw69wse2bUGQnGNwbkZBkCwSCYkAICMlpVxAbHmfvWaS7SfLGJrYd13FZTuuQgZ6gBotJQ=="
    },
    "js-cookie": {
      "version": "2.2.1",
      "resolved": "https://registry.npmmirror.com/js-cookie/-/js-cookie-2.2.1.tgz",
      "integrity": "sha512-HvdH2LzI/EAZcUwA8+0nKNtWHqS+ZmijLA30RwZA0bo7ToCckjK5MkGhjED9KoRcXO6BaGI3I9UIzSA1FKFPOQ=="
    },
    "moment": {
      "version": "2.19.2",
      "resolved": "https://registry.npmmirror.com/moment/-/moment-2.19.2.tgz",
      "integrity": "sha512-Rf6jiHPEfxp9+dlzxPTmRHbvoFXsh2L/U8hOupUMpnuecHQmI6cF6lUbJl3QqKPko1u6ujO+FxtcajLVfLpAtA=="
    },
    "select2": {
      "version": "3.5.2-browserify",
      "resolved": "https://registry.npmmirror.com/select2/-/select2-3.5.2-browserify.tgz",
      "integrity": "sha512-Hyzje+ALhhsuS7e40qON9MCEtv5Sk/6BbbewxsyFWSR6rvOBlwp+2ZE5N6+nSDJplfO//tJrUoqcmJxoKGa+Hg=="
    },
    "tablesorter": {
      "version": "2.29.0",
      "resolved": "https://registry.npmmirror.com/tablesorter/-/tablesorter-2.29.0.tgz",
      "integrity": "sha512-VQsB/AXNR2soiiDnui5tYS+T6KO6zwvCEaHcqgRNEZ2F6mQYqni1nGQEKkChyC9wwJ4otfIa5w+kYhffV9Unng==",
      "requires": {
        "jquery": ">=1.2.6"
      }
    },
    "underscore": {
      "version": "1.5.1",
      "resolved": "https://registry.npmmirror.com/underscore/-/underscore-1.5.1.tgz",
      "integrity": "sha512-yOc7VukmA45a1D6clUn1mD7Mbc9LcVYAQEXNKSTblzha59hSFJ6cAt90JDoxh05GQnTPI9nk4wjT/I8C/nAMPw=="
    }
  }
}
